// !$*UTF8*$!
{
	archiveVersion = 1;
	classes = {
	};
	objectVersion = 56;
	objects = {

/* Begin PBXBuildFile section */
		C26D20182CC19D1200B919A8 /* ReccoBackgroundText.swift in Sources */ = {isa = PBXBuildFile; fileRef = C26D20172CC19D0E00B919A8 /* ReccoBackgroundText.swift */; };
		C26D201B2CC1BE6B00B919A8 /* AuthError.swift in Sources */ = {isa = PBXBuildFile; fileRef = C26D201A2CC1BE6900B919A8 /* AuthError.swift */; };
		CA03E1152DC469230036084C /* SF-Pro-Display-Bold.otf in Resources */ = {isa = PBXBuildFile; fileRef = CA03E1142DC469230036084C /* SF-Pro-Display-Bold.otf */; };
		CA03E1172DC4692A0036084C /* SF-Pro-Display-Light.otf in Resources */ = {isa = PBXBuildFile; fileRef = CA03E1162DC4692A0036084C /* SF-Pro-Display-Light.otf */; };
		CA03E1192DC469310036084C /* SF-Pro-Display-Regular.otf in Resources */ = {isa = PBXBuildFile; fileRef = CA03E1182DC469310036084C /* SF-Pro-Display-Regular.otf */; };
		CA03E11B2DC469350036084C /* SF-Pro-Display-Semibold.otf in Resources */ = {isa = PBXBuildFile; fileRef = CA03E11A2DC469350036084C /* SF-Pro-Display-Semibold.otf */; };
		CA03E11D2DC469390036084C /* SF-Pro-Display-Thin.otf in Resources */ = {isa = PBXBuildFile; fileRef = CA03E11C2DC469390036084C /* SF-Pro-Display-Thin.otf */; };
		CA03E1212DC471490036084C /* SF-Pro-Display-Medium.otf in Resources */ = {isa = PBXBuildFile; fileRef = CA03E1202DC471490036084C /* SF-Pro-Display-Medium.otf */; };
		CA1A3CBA2CCF0FC70036E66C /* CreateList.swift in Sources */ = {isa = PBXBuildFile; fileRef = CA1A3CB92CCF0FC50036E66C /* CreateList.swift */; };
		CA1A3CBC2CCF11890036E66C /* UserListsViewModel.swift in Sources */ = {isa = PBXBuildFile; fileRef = CA1A3CBB2CCF11890036E66C /* UserListsViewModel.swift */; };
		CA1A3CBE2CCF12EB0036E66C /* ListQuery.swift in Sources */ = {isa = PBXBuildFile; fileRef = CA1A3CBD2CCF12EB0036E66C /* ListQuery.swift */; };
		CA22577B2CCEC1EA00D5D261 /* Tag.swift in Sources */ = {isa = PBXBuildFile; fileRef = CA22577A2CCEC1EA00D5D261 /* Tag.swift */; };
		CA22577D2CCEC23C00D5D261 /* TagSelectionViewModel.swift in Sources */ = {isa = PBXBuildFile; fileRef = CA22577C2CCEC23C00D5D261 /* TagSelectionViewModel.swift */; };
		CA22577F2CCEC52E00D5D261 /* TagSelectionView.swift in Sources */ = {isa = PBXBuildFile; fileRef = CA22577E2CCEC52800D5D261 /* TagSelectionView.swift */; };
		CA2F5ECD2C7C235B006EA304 /* ListViewModel.swift in Sources */ = {isa = PBXBuildFile; fileRef = CA2F5ECC2C7C235B006EA304 /* ListViewModel.swift */; };
		CA2F5ECF2C7C30C6006EA304 /* Colors.swift in Sources */ = {isa = PBXBuildFile; fileRef = CA2F5ECE2C7C30C6006EA304 /* Colors.swift */; };
		CA2F5ED82C7C3CC8006EA304 /* ElegantEmojiPicker in Frameworks */ = {isa = PBXBuildFile; productRef = CA2F5ED72C7C3CC8006EA304 /* ElegantEmojiPicker */; };
		CA2F5EDB2C7D8E00006EA304 /* HomeNavigation.swift in Sources */ = {isa = PBXBuildFile; fileRef = CA2F5EDA2C7D8E00006EA304 /* HomeNavigation.swift */; };
		CA2F5EDF2C7ECB1F006EA304 /* List.swift in Sources */ = {isa = PBXBuildFile; fileRef = CA2F5EDE2C7ECB1F006EA304 /* List.swift */; };
		CA2F5EE52C7ED112006EA304 /* MockData.swift in Sources */ = {isa = PBXBuildFile; fileRef = CA2F5EE42C7ED112006EA304 /* MockData.swift */; };
		CA3A78472D682D3200A9D370 /* KeyboardAccessoryView.swift in Sources */ = {isa = PBXBuildFile; fileRef = CA3A78462D682D3200A9D370 /* KeyboardAccessoryView.swift */; };
		CA4ADB882D81179100FFA62B /* SectionHeaderView.swift in Sources */ = {isa = PBXBuildFile; fileRef = CA4ADB872D81178C00FFA62B /* SectionHeaderView.swift */; };
		CA4C4C632DD17F6C001F773A /* OnboardingNavigation.swift in Sources */ = {isa = PBXBuildFile; fileRef = CA4C4C622DD17F6B001F773A /* OnboardingNavigation.swift */; };
		CA4C4C652DD189CD001F773A /* EmojiPhysicsScene.swift in Sources */ = {isa = PBXBuildFile; fileRef = CA4C4C642DD189CD001F773A /* EmojiPhysicsScene.swift */; };
		CA7DFAEC2C841C2E00B2239A /* SF-Pro-Rounded-Light.otf in Resources */ = {isa = PBXBuildFile; fileRef = CA7DFAEB2C841C2E00B2239A /* SF-Pro-Rounded-Light.otf */; };
		CA7DFAEF2C84DB8300B2239A /* CenterHorizontally.swift in Sources */ = {isa = PBXBuildFile; fileRef = CA7DFAEE2C84DB7E00B2239A /* CenterHorizontally.swift */; };
		CA7DFAF52C84F76D00B2239A /* ElegantEmojiPickerView.swift in Sources */ = {isa = PBXBuildFile; fileRef = CA7DFAF42C84F76D00B2239A /* ElegantEmojiPickerView.swift */; };
		CAA43A1C2C7119DB00808375 /* Toast.swift in Sources */ = {isa = PBXBuildFile; fileRef = CAA43A1B2C7119DB00808375 /* Toast.swift */; };
		CAA43A1E2C711A0800808375 /* ToastView.swift in Sources */ = {isa = PBXBuildFile; fileRef = CAA43A1D2C711A0800808375 /* ToastView.swift */; };
		CAA43A202C711A2F00808375 /* ToastModifier.swift in Sources */ = {isa = PBXBuildFile; fileRef = CAA43A1F2C711A2F00808375 /* ToastModifier.swift */; };
		CAA43A222C712F8200808375 /* VerificationCodeView.swift in Sources */ = {isa = PBXBuildFile; fileRef = CAA43A212C712F8200808375 /* VerificationCodeView.swift */; };
		CAA43A242C71725800808375 /* AuthNavigation.swift in Sources */ = {isa = PBXBuildFile; fileRef = CAA43A232C71725800808375 /* AuthNavigation.swift */; };
		CAA43A262C717C8A00808375 /* EnterNameView.swift in Sources */ = {isa = PBXBuildFile; fileRef = CAA43A252C717C8A00808375 /* EnterNameView.swift */; };
		CAA43A282C7182C900808375 /* EnterUsernameView.swift in Sources */ = {isa = PBXBuildFile; fileRef = CAA43A272C7182C900808375 /* EnterUsernameView.swift */; };
		CAA43A2A2C71855800808375 /* ChooseProfilePictureView.swift in Sources */ = {isa = PBXBuildFile; fileRef = CAA43A292C71855800808375 /* ChooseProfilePictureView.swift */; };
		CAA43A2D2C71891100808375 /* User.swift in Sources */ = {isa = PBXBuildFile; fileRef = CAA43A2C2C71891100808375 /* User.swift */; };
		CAA43A2F2C718C4500808375 /* SupabaseUserManager.swift in Sources */ = {isa = PBXBuildFile; fileRef = CAA43A2E2C718C4500808375 /* SupabaseUserManager.swift */; };
		CAA43A342C71ABAE00808375 /* Kingfisher in Frameworks */ = {isa = PBXBuildFile; productRef = CAA43A332C71ABAE00808375 /* Kingfisher */; };
		CAA43A362C71ABBF00808375 /* ImageLoader.swift in Sources */ = {isa = PBXBuildFile; fileRef = CAA43A352C71ABBF00808375 /* ImageLoader.swift */; };
		CAA43A382C71ABC700808375 /* ImagePrefetcher.swift in Sources */ = {isa = PBXBuildFile; fileRef = CAA43A372C71ABC700808375 /* ImagePrefetcher.swift */; };
		CAA43A3A2C71ABD400808375 /* Kingfisher.swift in Sources */ = {isa = PBXBuildFile; fileRef = CAA43A392C71ABD400808375 /* Kingfisher.swift */; };
		CAA43A3C2C71ACBB00808375 /* Constants.swift in Sources */ = {isa = PBXBuildFile; fileRef = CAA43A3B2C71ACBB00808375 /* Constants.swift */; };
		CAA43A3E2C71AEEE00808375 /* SignUpOrLoginView.swift in Sources */ = {isa = PBXBuildFile; fileRef = CAA43A3D2C71AEEE00808375 /* SignUpOrLoginView.swift */; };
		CAA43A402C71B1E500808375 /* Text.swift in Sources */ = {isa = PBXBuildFile; fileRef = CAA43A3F2C71B1E500808375 /* Text.swift */; };
		CAA43A432C71B40B00808375 /* SF-Pro-Rounded-Semibold.otf in Resources */ = {isa = PBXBuildFile; fileRef = CAA43A422C71B32700808375 /* SF-Pro-Rounded-Semibold.otf */; };
		CAA43A442C71B43C00808375 /* SF-Pro-Rounded-Bold.otf in Resources */ = {isa = PBXBuildFile; fileRef = CAA43A412C71B2A100808375 /* SF-Pro-Rounded-Bold.otf */; };
		CAA43A472C72854B00808375 /* UserDataViewModel.swift in Sources */ = {isa = PBXBuildFile; fileRef = CAA43A462C72854B00808375 /* UserDataViewModel.swift */; };
		CAA43A492C7A62CB00808375 /* HomePageViewModel.swift in Sources */ = {isa = PBXBuildFile; fileRef = CAA43A482C7A62CB00808375 /* HomePageViewModel.swift */; };
		CAB605092C5F068C007698B9 /* ReccoApp.swift in Sources */ = {isa = PBXBuildFile; fileRef = CAB605082C5F068C007698B9 /* ReccoApp.swift */; };
		CAB6050B2C5F068C007698B9 /* ContentView.swift in Sources */ = {isa = PBXBuildFile; fileRef = CAB6050A2C5F068C007698B9 /* ContentView.swift */; };
		CAB6050D2C5F068D007698B9 /* Assets.xcassets in Resources */ = {isa = PBXBuildFile; fileRef = CAB6050C2C5F068D007698B9 /* Assets.xcassets */; };
		CAB605102C5F068D007698B9 /* Preview Assets.xcassets in Resources */ = {isa = PBXBuildFile; fileRef = CAB6050F2C5F068D007698B9 /* Preview Assets.xcassets */; };
		CAB6051A2C5F068D007698B9 /* ReccoTests.swift in Sources */ = {isa = PBXBuildFile; fileRef = CAB605192C5F068D007698B9 /* ReccoTests.swift */; };
		CAB605242C5F068D007698B9 /* ReccoUITests.swift in Sources */ = {isa = PBXBuildFile; fileRef = CAB605232C5F068D007698B9 /* ReccoUITests.swift */; };
		CAB605262C5F068D007698B9 /* ReccoUITestsLaunchTests.swift in Sources */ = {isa = PBXBuildFile; fileRef = CAB605252C5F068D007698B9 /* ReccoUITestsLaunchTests.swift */; };
		CAB605472C5F0D1D007698B9 /* FeedView.swift in Sources */ = {isa = PBXBuildFile; fileRef = CAB605462C5F0D1D007698B9 /* FeedView.swift */; };
		CAB605492C5F0D2B007698B9 /* ProfileView.swift in Sources */ = {isa = PBXBuildFile; fileRef = CAB605482C5F0D2B007698B9 /* ProfileView.swift */; };
		CAB6054C2C6B1160007698B9 /* Auth in Frameworks */ = {isa = PBXBuildFile; productRef = CAB6054B2C6B1160007698B9 /* Auth */; };
		CAB6054E2C6B1160007698B9 /* Functions in Frameworks */ = {isa = PBXBuildFile; productRef = CAB6054D2C6B1160007698B9 /* Functions */; };
		CAB605502C6B1160007698B9 /* PostgREST in Frameworks */ = {isa = PBXBuildFile; productRef = CAB6054F2C6B1160007698B9 /* PostgREST */; };
		CAB605522C6B1160007698B9 /* Realtime in Frameworks */ = {isa = PBXBuildFile; productRef = CAB605512C6B1160007698B9 /* Realtime */; };
		CAB605542C6B1160007698B9 /* Storage in Frameworks */ = {isa = PBXBuildFile; productRef = CAB605532C6B1160007698B9 /* Storage */; };
		CAB605562C6B1160007698B9 /* Supabase in Frameworks */ = {isa = PBXBuildFile; productRef = CAB605552C6B1160007698B9 /* Supabase */; };
		CAB605582C6B139A007698B9 /* Supabase.swift in Sources */ = {isa = PBXBuildFile; fileRef = CAB605572C6B139A007698B9 /* Supabase.swift */; };
		CAB6055B2C6B153E007698B9 /* SplashScreenView.swift in Sources */ = {isa = PBXBuildFile; fileRef = CAB6055A2C6B153E007698B9 /* SplashScreenView.swift */; };
		CAB6055D2C6B1BA9007698B9 /* AuthView.swift in Sources */ = {isa = PBXBuildFile; fileRef = CAB6055C2C6B1BA9007698B9 /* AuthView.swift */; };
		CAB605602C6B1EF4007698B9 /* SupabaseAuthViewModel.swift in Sources */ = {isa = PBXBuildFile; fileRef = CAB6055F2C6B1EF4007698B9 /* SupabaseAuthViewModel.swift */; };
		CAB605632C6B21C4007698B9 /* SF-Pro-Rounded-Regular.otf in Resources */ = {isa = PBXBuildFile; fileRef = CAB605622C6B21C4007698B9 /* SF-Pro-Rounded-Regular.otf */; };
		CAB605682C6B23B6007698B9 /* FontManager.swift in Sources */ = {isa = PBXBuildFile; fileRef = CAB605672C6B23B6007698B9 /* FontManager.swift */; };
		CAB6A8D32CD61CB700F8D0A1 /* ProfileSettingsView.swift in Sources */ = {isa = PBXBuildFile; fileRef = CAB6A8D22CD61CB700F8D0A1 /* ProfileSettingsView.swift */; };
		CAC04C222DA8B16B002ED187 /* UpdateList.swift in Sources */ = {isa = PBXBuildFile; fileRef = CAC04C212DA8B16B002ED187 /* UpdateList.swift */; };
		CAC2BCBE2DB64B4100281670 /* AppView.swift in Sources */ = {isa = PBXBuildFile; fileRef = CAC2BCBD2DB64B4100281670 /* AppView.swift */; };
		CAD0CFDB2CDDD13D009C0FE8 /* ListEditView.swift in Sources */ = {isa = PBXBuildFile; fileRef = CAD0CFDA2CDDD13D009C0FE8 /* ListEditView.swift */; };
		CADEDDF92D97302900BC21F0 /* VisbiltySelectView.swift in Sources */ = {isa = PBXBuildFile; fileRef = CADEDDF82D97302500BC21F0 /* VisbiltySelectView.swift */; };
		CADEDDFB2DA112B700BC21F0 /* ListViewModelSupabase.swift in Sources */ = {isa = PBXBuildFile; fileRef = CADEDDFA2DA112B700BC21F0 /* ListViewModelSupabase.swift */; };
		CAF6C3D72D5458430001BC57 /* EditableTableViewCell.swift in Sources */ = {isa = PBXBuildFile; fileRef = CAF6C3D62D5458430001BC57 /* EditableTableViewCell.swift */; };
		CAF6C3DA2D5459460001BC57 /* EditableTableViewController.swift in Sources */ = {isa = PBXBuildFile; fileRef = CAF6C3D92D5459460001BC57 /* EditableTableViewController.swift */; };
/* End PBXBuildFile section */

/* Begin PBXContainerItemProxy section */
		CAB605162C5F068D007698B9 /* PBXContainerItemProxy */ = {
			isa = PBXContainerItemProxy;
			containerPortal = CAB604FD2C5F068C007698B9 /* Project object */;
			proxyType = 1;
			remoteGlobalIDString = CAB605042C5F068C007698B9;
			remoteInfo = Recco;
		};
		CAB605202C5F068D007698B9 /* PBXContainerItemProxy */ = {
			isa = PBXContainerItemProxy;
			containerPortal = CAB604FD2C5F068C007698B9 /* Project object */;
			proxyType = 1;
			remoteGlobalIDString = CAB605042C5F068C007698B9;
			remoteInfo = Recco;
		};
/* End PBXContainerItemProxy section */

/* Begin PBXFileReference section */
		C26D20172CC19D0E00B919A8 /* ReccoBackgroundText.swift */ = {isa = PBXFileReference; lastKnownFileType = sourcecode.swift; path = ReccoBackgroundText.swift; sourceTree = "<group>"; };
		C26D201A2CC1BE6900B919A8 /* AuthError.swift */ = {isa = PBXFileReference; lastKnownFileType = sourcecode.swift; path = AuthError.swift; sourceTree = "<group>"; };
		CA03E1142DC469230036084C /* SF-Pro-Display-Bold.otf */ = {isa = PBXFileReference; lastKnownFileType = file; path = "SF-Pro-Display-Bold.otf"; sourceTree = "<group>"; };
		CA03E1162DC4692A0036084C /* SF-Pro-Display-Light.otf */ = {isa = PBXFileReference; lastKnownFileType = file; path = "SF-Pro-Display-Light.otf"; sourceTree = "<group>"; };
		CA03E1182DC469310036084C /* SF-Pro-Display-Regular.otf */ = {isa = PBXFileReference; lastKnownFileType = file; path = "SF-Pro-Display-Regular.otf"; sourceTree = "<group>"; };
		CA03E11A2DC469350036084C /* SF-Pro-Display-Semibold.otf */ = {isa = PBXFileReference; lastKnownFileType = file; path = "SF-Pro-Display-Semibold.otf"; sourceTree = "<group>"; };
		CA03E11C2DC469390036084C /* SF-Pro-Display-Thin.otf */ = {isa = PBXFileReference; lastKnownFileType = file; path = "SF-Pro-Display-Thin.otf"; sourceTree = "<group>"; };
		CA03E1202DC471490036084C /* SF-Pro-Display-Medium.otf */ = {isa = PBXFileReference; lastKnownFileType = file; path = "SF-Pro-Display-Medium.otf"; sourceTree = "<group>"; };
		CA1A3CB92CCF0FC50036E66C /* CreateList.swift */ = {isa = PBXFileReference; lastKnownFileType = sourcecode.swift; path = CreateList.swift; sourceTree = "<group>"; };
		CA1A3CBB2CCF11890036E66C /* UserListsViewModel.swift */ = {isa = PBXFileReference; lastKnownFileType = sourcecode.swift; path = UserListsViewModel.swift; sourceTree = "<group>"; };
		CA1A3CBD2CCF12EB0036E66C /* ListQuery.swift */ = {isa = PBXFileReference; lastKnownFileType = sourcecode.swift; path = ListQuery.swift; sourceTree = "<group>"; };
		CA22577A2CCEC1EA00D5D261 /* Tag.swift */ = {isa = PBXFileReference; lastKnownFileType = sourcecode.swift; path = Tag.swift; sourceTree = "<group>"; };
		CA22577C2CCEC23C00D5D261 /* TagSelectionViewModel.swift */ = {isa = PBXFileReference; lastKnownFileType = sourcecode.swift; path = TagSelectionViewModel.swift; sourceTree = "<group>"; };
		CA22577E2CCEC52800D5D261 /* TagSelectionView.swift */ = {isa = PBXFileReference; lastKnownFileType = sourcecode.swift; path = TagSelectionView.swift; sourceTree = "<group>"; };
		CA2F5ECC2C7C235B006EA304 /* ListViewModel.swift */ = {isa = PBXFileReference; lastKnownFileType = sourcecode.swift; path = ListViewModel.swift; sourceTree = "<group>"; };
		CA2F5ECE2C7C30C6006EA304 /* Colors.swift */ = {isa = PBXFileReference; lastKnownFileType = sourcecode.swift; path = Colors.swift; sourceTree = "<group>"; };
		CA2F5EDA2C7D8E00006EA304 /* HomeNavigation.swift */ = {isa = PBXFileReference; lastKnownFileType = sourcecode.swift; path = HomeNavigation.swift; sourceTree = "<group>"; };
		CA2F5EDE2C7ECB1F006EA304 /* List.swift */ = {isa = PBXFileReference; lastKnownFileType = sourcecode.swift; path = List.swift; sourceTree = "<group>"; };
		CA2F5EE42C7ED112006EA304 /* MockData.swift */ = {isa = PBXFileReference; lastKnownFileType = sourcecode.swift; path = MockData.swift; sourceTree = "<group>"; };
		CA3A78462D682D3200A9D370 /* KeyboardAccessoryView.swift */ = {isa = PBXFileReference; lastKnownFileType = sourcecode.swift; path = KeyboardAccessoryView.swift; sourceTree = "<group>"; };
		CA4ADB872D81178C00FFA62B /* SectionHeaderView.swift */ = {isa = PBXFileReference; lastKnownFileType = sourcecode.swift; path = SectionHeaderView.swift; sourceTree = "<group>"; };
		CA4C4C622DD17F6B001F773A /* OnboardingNavigation.swift */ = {isa = PBXFileReference; lastKnownFileType = sourcecode.swift; path = OnboardingNavigation.swift; sourceTree = "<group>"; };
		CA4C4C642DD189CD001F773A /* EmojiPhysicsScene.swift */ = {isa = PBXFileReference; lastKnownFileType = sourcecode.swift; path = EmojiPhysicsScene.swift; sourceTree = "<group>"; };
		CA7DFAEB2C841C2E00B2239A /* SF-Pro-Rounded-Light.otf */ = {isa = PBXFileReference; lastKnownFileType = file; path = "SF-Pro-Rounded-Light.otf"; sourceTree = "<group>"; };
		CA7DFAEE2C84DB7E00B2239A /* CenterHorizontally.swift */ = {isa = PBXFileReference; lastKnownFileType = sourcecode.swift; path = CenterHorizontally.swift; sourceTree = "<group>"; };
		CA7DFAF42C84F76D00B2239A /* ElegantEmojiPickerView.swift */ = {isa = PBXFileReference; lastKnownFileType = sourcecode.swift; path = ElegantEmojiPickerView.swift; sourceTree = "<group>"; };
		CAA43A1B2C7119DB00808375 /* Toast.swift */ = {isa = PBXFileReference; lastKnownFileType = sourcecode.swift; path = Toast.swift; sourceTree = "<group>"; };
		CAA43A1D2C711A0800808375 /* ToastView.swift */ = {isa = PBXFileReference; lastKnownFileType = sourcecode.swift; path = ToastView.swift; sourceTree = "<group>"; };
		CAA43A1F2C711A2F00808375 /* ToastModifier.swift */ = {isa = PBXFileReference; lastKnownFileType = sourcecode.swift; path = ToastModifier.swift; sourceTree = "<group>"; };
		CAA43A212C712F8200808375 /* VerificationCodeView.swift */ = {isa = PBXFileReference; lastKnownFileType = sourcecode.swift; path = VerificationCodeView.swift; sourceTree = "<group>"; };
		CAA43A232C71725800808375 /* AuthNavigation.swift */ = {isa = PBXFileReference; lastKnownFileType = sourcecode.swift; path = AuthNavigation.swift; sourceTree = "<group>"; };
		CAA43A252C717C8A00808375 /* EnterNameView.swift */ = {isa = PBXFileReference; lastKnownFileType = sourcecode.swift; path = EnterNameView.swift; sourceTree = "<group>"; };
		CAA43A272C7182C900808375 /* EnterUsernameView.swift */ = {isa = PBXFileReference; lastKnownFileType = sourcecode.swift; path = EnterUsernameView.swift; sourceTree = "<group>"; };
		CAA43A292C71855800808375 /* ChooseProfilePictureView.swift */ = {isa = PBXFileReference; lastKnownFileType = sourcecode.swift; path = ChooseProfilePictureView.swift; sourceTree = "<group>"; };
		CAA43A2C2C71891100808375 /* User.swift */ = {isa = PBXFileReference; lastKnownFileType = sourcecode.swift; path = User.swift; sourceTree = "<group>"; };
		CAA43A2E2C718C4500808375 /* SupabaseUserManager.swift */ = {isa = PBXFileReference; lastKnownFileType = sourcecode.swift; path = SupabaseUserManager.swift; sourceTree = "<group>"; };
		CAA43A352C71ABBF00808375 /* ImageLoader.swift */ = {isa = PBXFileReference; lastKnownFileType = sourcecode.swift; path = ImageLoader.swift; sourceTree = "<group>"; };
		CAA43A372C71ABC700808375 /* ImagePrefetcher.swift */ = {isa = PBXFileReference; lastKnownFileType = sourcecode.swift; path = ImagePrefetcher.swift; sourceTree = "<group>"; };
		CAA43A392C71ABD400808375 /* Kingfisher.swift */ = {isa = PBXFileReference; lastKnownFileType = sourcecode.swift; path = Kingfisher.swift; sourceTree = "<group>"; };
		CAA43A3B2C71ACBB00808375 /* Constants.swift */ = {isa = PBXFileReference; lastKnownFileType = sourcecode.swift; path = Constants.swift; sourceTree = "<group>"; };
		CAA43A3D2C71AEEE00808375 /* SignUpOrLoginView.swift */ = {isa = PBXFileReference; lastKnownFileType = sourcecode.swift; path = SignUpOrLoginView.swift; sourceTree = "<group>"; };
		CAA43A3F2C71B1E500808375 /* Text.swift */ = {isa = PBXFileReference; lastKnownFileType = sourcecode.swift; path = Text.swift; sourceTree = "<group>"; };
		CAA43A412C71B2A100808375 /* SF-Pro-Rounded-Bold.otf */ = {isa = PBXFileReference; lastKnownFileType = file; path = "SF-Pro-Rounded-Bold.otf"; sourceTree = "<group>"; };
		CAA43A422C71B32700808375 /* SF-Pro-Rounded-Semibold.otf */ = {isa = PBXFileReference; lastKnownFileType = file; path = "SF-Pro-Rounded-Semibold.otf"; sourceTree = "<group>"; };
		CAA43A462C72854B00808375 /* UserDataViewModel.swift */ = {isa = PBXFileReference; lastKnownFileType = sourcecode.swift; path = UserDataViewModel.swift; sourceTree = "<group>"; };
		CAA43A482C7A62CB00808375 /* HomePageViewModel.swift */ = {isa = PBXFileReference; lastKnownFileType = sourcecode.swift; path = HomePageViewModel.swift; sourceTree = "<group>"; };
		CAB605052C5F068C007698B9 /* Recco.app */ = {isa = PBXFileReference; explicitFileType = wrapper.application; includeInIndex = 0; path = Recco.app; sourceTree = BUILT_PRODUCTS_DIR; };
		CAB605082C5F068C007698B9 /* ReccoApp.swift */ = {isa = PBXFileReference; lastKnownFileType = sourcecode.swift; path = ReccoApp.swift; sourceTree = "<group>"; };
		CAB6050A2C5F068C007698B9 /* ContentView.swift */ = {isa = PBXFileReference; lastKnownFileType = sourcecode.swift; path = ContentView.swift; sourceTree = "<group>"; };
		CAB6050C2C5F068D007698B9 /* Assets.xcassets */ = {isa = PBXFileReference; lastKnownFileType = folder.assetcatalog; path = Assets.xcassets; sourceTree = "<group>"; };
		CAB6050F2C5F068D007698B9 /* Preview Assets.xcassets */ = {isa = PBXFileReference; lastKnownFileType = folder.assetcatalog; path = "Preview Assets.xcassets"; sourceTree = "<group>"; };
		CAB605152C5F068D007698B9 /* ReccoTests.xctest */ = {isa = PBXFileReference; explicitFileType = wrapper.cfbundle; includeInIndex = 0; path = ReccoTests.xctest; sourceTree = BUILT_PRODUCTS_DIR; };
		CAB605192C5F068D007698B9 /* ReccoTests.swift */ = {isa = PBXFileReference; lastKnownFileType = sourcecode.swift; path = ReccoTests.swift; sourceTree = "<group>"; };
		CAB6051F2C5F068D007698B9 /* ReccoUITests.xctest */ = {isa = PBXFileReference; explicitFileType = wrapper.cfbundle; includeInIndex = 0; path = ReccoUITests.xctest; sourceTree = BUILT_PRODUCTS_DIR; };
		CAB605232C5F068D007698B9 /* ReccoUITests.swift */ = {isa = PBXFileReference; lastKnownFileType = sourcecode.swift; path = ReccoUITests.swift; sourceTree = "<group>"; };
		CAB605252C5F068D007698B9 /* ReccoUITestsLaunchTests.swift */ = {isa = PBXFileReference; lastKnownFileType = sourcecode.swift; path = ReccoUITestsLaunchTests.swift; sourceTree = "<group>"; };
		CAB605462C5F0D1D007698B9 /* FeedView.swift */ = {isa = PBXFileReference; lastKnownFileType = sourcecode.swift; path = FeedView.swift; sourceTree = "<group>"; };
		CAB605482C5F0D2B007698B9 /* ProfileView.swift */ = {isa = PBXFileReference; lastKnownFileType = sourcecode.swift; path = ProfileView.swift; sourceTree = "<group>"; };
		CAB605572C6B139A007698B9 /* Supabase.swift */ = {isa = PBXFileReference; lastKnownFileType = sourcecode.swift; path = Supabase.swift; sourceTree = "<group>"; };
		CAB6055A2C6B153E007698B9 /* SplashScreenView.swift */ = {isa = PBXFileReference; lastKnownFileType = sourcecode.swift; path = SplashScreenView.swift; sourceTree = "<group>"; };
		CAB6055C2C6B1BA9007698B9 /* AuthView.swift */ = {isa = PBXFileReference; lastKnownFileType = sourcecode.swift; path = AuthView.swift; sourceTree = "<group>"; };
		CAB6055F2C6B1EF4007698B9 /* SupabaseAuthViewModel.swift */ = {isa = PBXFileReference; lastKnownFileType = sourcecode.swift; path = SupabaseAuthViewModel.swift; sourceTree = "<group>"; };
		CAB605622C6B21C4007698B9 /* SF-Pro-Rounded-Regular.otf */ = {isa = PBXFileReference; lastKnownFileType = file; path = "SF-Pro-Rounded-Regular.otf"; sourceTree = "<group>"; };
		CAB605672C6B23B6007698B9 /* FontManager.swift */ = {isa = PBXFileReference; lastKnownFileType = sourcecode.swift; path = FontManager.swift; sourceTree = "<group>"; };
		CAB605692C6B255E007698B9 /* Info.plist */ = {isa = PBXFileReference; lastKnownFileType = text.plist; path = Info.plist; sourceTree = "<group>"; };
		CAB6A8D22CD61CB700F8D0A1 /* ProfileSettingsView.swift */ = {isa = PBXFileReference; lastKnownFileType = sourcecode.swift; path = ProfileSettingsView.swift; sourceTree = "<group>"; };
		CAC04C212DA8B16B002ED187 /* UpdateList.swift */ = {isa = PBXFileReference; lastKnownFileType = sourcecode.swift; path = UpdateList.swift; sourceTree = "<group>"; };
		CAC2BCBD2DB64B4100281670 /* AppView.swift */ = {isa = PBXFileReference; lastKnownFileType = sourcecode.swift; path = AppView.swift; sourceTree = "<group>"; };
		CAD0CFDA2CDDD13D009C0FE8 /* ListEditView.swift */ = {isa = PBXFileReference; lastKnownFileType = sourcecode.swift; path = ListEditView.swift; sourceTree = "<group>"; };
		CADEDDF82D97302500BC21F0 /* VisbiltySelectView.swift */ = {isa = PBXFileReference; lastKnownFileType = sourcecode.swift; path = VisbiltySelectView.swift; sourceTree = "<group>"; };
		CADEDDFA2DA112B700BC21F0 /* ListViewModelSupabase.swift */ = {isa = PBXFileReference; lastKnownFileType = sourcecode.swift; path = ListViewModelSupabase.swift; sourceTree = "<group>"; };
		CAF6C3D62D5458430001BC57 /* EditableTableViewCell.swift */ = {isa = PBXFileReference; lastKnownFileType = sourcecode.swift; path = EditableTableViewCell.swift; sourceTree = "<group>"; };
		CAF6C3D92D5459460001BC57 /* EditableTableViewController.swift */ = {isa = PBXFileReference; lastKnownFileType = sourcecode.swift; path = EditableTableViewController.swift; sourceTree = "<group>"; };
/* End PBXFileReference section */

/* Begin PBXFrameworksBuildPhase section */
		CAB605022C5F068C007698B9 /* Frameworks */ = {
			isa = PBXFrameworksBuildPhase;
			buildActionMask = 2147483647;
			files = (
				CAB605502C6B1160007698B9 /* PostgREST in Frameworks */,
				CAB6054E2C6B1160007698B9 /* Functions in Frameworks */,
				CAA43A342C71ABAE00808375 /* Kingfisher in Frameworks */,
				CAB605562C6B1160007698B9 /* Supabase in Frameworks */,
				CA2F5ED82C7C3CC8006EA304 /* ElegantEmojiPicker in Frameworks */,
				CAB6054C2C6B1160007698B9 /* Auth in Frameworks */,
				CAB605542C6B1160007698B9 /* Storage in Frameworks */,
				CAB605522C6B1160007698B9 /* Realtime in Frameworks */,
			);
			runOnlyForDeploymentPostprocessing = 0;
		};
		CAB605122C5F068D007698B9 /* Frameworks */ = {
			isa = PBXFrameworksBuildPhase;
			buildActionMask = 2147483647;
			files = (
			);
			runOnlyForDeploymentPostprocessing = 0;
		};
		CAB6051C2C5F068D007698B9 /* Frameworks */ = {
			isa = PBXFrameworksBuildPhase;
			buildActionMask = 2147483647;
			files = (
			);
			runOnlyForDeploymentPostprocessing = 0;
		};
/* End PBXFrameworksBuildPhase section */

/* Begin PBXGroup section */
		C26D20192CC1BE6300B919A8 /* Errors */ = {
			isa = PBXGroup;
			children = (
				C26D201A2CC1BE6900B919A8 /* AuthError.swift */,
			);
			path = Errors;
			sourceTree = "<group>";
		};
		CA28BEA52C8D474600EBF3B3 /* Frameworks */ = {
			isa = PBXGroup;
			children = (
			);
			name = Frameworks;
			sourceTree = "<group>";
		};
		CA2F5ED92C7D8DED006EA304 /* Navigation */ = {
			isa = PBXGroup;
			children = (
				CAA43A232C71725800808375 /* AuthNavigation.swift */,
				CA2F5EDA2C7D8E00006EA304 /* HomeNavigation.swift */,
				CA4C4C622DD17F6B001F773A /* OnboardingNavigation.swift */,
			);
			path = Navigation;
			sourceTree = "<group>";
		};
		CA2F5EE02C7ECCED006EA304 /* Singleton */ = {
			isa = PBXGroup;
			children = (
			);
			path = Singleton;
			sourceTree = "<group>";
		};
		CA3A78452D682D1C00A9D370 /* Keyboard */ = {
			isa = PBXGroup;
			children = (
				CA3A78462D682D3200A9D370 /* KeyboardAccessoryView.swift */,
			);
			path = Keyboard;
			sourceTree = "<group>";
		};
		CA3A78482D68700C00A9D370 /* New Group */ = {
			isa = PBXGroup;
			children = (
			);
			path = "New Group";
			sourceTree = "<group>";
		};
		CA7DFAED2C84DB7600B2239A /* Modifiers */ = {
			isa = PBXGroup;
			children = (
				CA7DFAEE2C84DB7E00B2239A /* CenterHorizontally.swift */,
			);
			path = Modifiers;
			sourceTree = "<group>";
		};
		CA7DFAF02C84F1EE00B2239A /* ListEdit */ = {
			isa = PBXGroup;
			children = (
				CADEDDF82D97302500BC21F0 /* VisbiltySelectView.swift */,
				CAD0CFDA2CDDD13D009C0FE8 /* ListEditView.swift */,
			);
			path = ListEdit;
			sourceTree = "<group>";
		};
		CA7DFAF32C84F76400B2239A /* Components */ = {
			isa = PBXGroup;
			children = (
				CA4ADB872D81178C00FFA62B /* SectionHeaderView.swift */,
				CA3A78482D68700C00A9D370 /* New Group */,
				CA22577E2CCEC52800D5D261 /* TagSelectionView.swift */,
				C26D20172CC19D0E00B919A8 /* ReccoBackgroundText.swift */,
				CAA43A3F2C71B1E500808375 /* Text.swift */,
				CA7DFAF42C84F76D00B2239A /* ElegantEmojiPickerView.swift */,
				CAF6C3D62D5458430001BC57 /* EditableTableViewCell.swift */,
			);
			path = Components;
			sourceTree = "<group>";
		};
		CA876DE02C8D505600440DFF /* UIKit */ = {
			isa = PBXGroup;
			children = (
			);
			path = UIKit;
			sourceTree = "<group>";
		};
		CAA43A1A2C7119CA00808375 /* Toasts */ = {
			isa = PBXGroup;
			children = (
				CAA43A1B2C7119DB00808375 /* Toast.swift */,
				CAA43A1D2C711A0800808375 /* ToastView.swift */,
				CAA43A1F2C711A2F00808375 /* ToastModifier.swift */,
			);
			path = Toasts;
			sourceTree = "<group>";
		};
		CAA43A2B2C71890700808375 /* Models */ = {
			isa = PBXGroup;
			children = (
				CA1A3CB92CCF0FC50036E66C /* CreateList.swift */,
				CAA43A2C2C71891100808375 /* User.swift */,
				CA2F5EDE2C7ECB1F006EA304 /* List.swift */,
				CA22577A2CCEC1EA00D5D261 /* Tag.swift */,
				CA1A3CBD2CCF12EB0036E66C /* ListQuery.swift */,
				CAC04C212DA8B16B002ED187 /* UpdateList.swift */,
			);
			path = Models;
			sourceTree = "<group>";
		};
		CAA43A312C71AB6800808375 /* Images */ = {
			isa = PBXGroup;
			children = (
				CAA43A352C71ABBF00808375 /* ImageLoader.swift */,
				CAA43A372C71ABC700808375 /* ImagePrefetcher.swift */,
				CAA43A392C71ABD400808375 /* Kingfisher.swift */,
			);
			path = Images;
			sourceTree = "<group>";
		};
		CAA43A452C72854300808375 /* ViewModels */ = {
			isa = PBXGroup;
			children = (
				CAA43A462C72854B00808375 /* UserDataViewModel.swift */,
				CAA43A482C7A62CB00808375 /* HomePageViewModel.swift */,
				CA2F5ECC2C7C235B006EA304 /* ListViewModel.swift */,
				CA22577C2CCEC23C00D5D261 /* TagSelectionViewModel.swift */,
				CA1A3CBB2CCF11890036E66C /* UserListsViewModel.swift */,
				CADEDDFA2DA112B700BC21F0 /* ListViewModelSupabase.swift */,
			);
			path = ViewModels;
			sourceTree = "<group>";
		};
		CAB604FC2C5F068C007698B9 = {
			isa = PBXGroup;
			children = (
				CAB605072C5F068C007698B9 /* Recco */,
				CAB605182C5F068D007698B9 /* ReccoTests */,
				CAB605222C5F068D007698B9 /* ReccoUITests */,
				CA28BEA52C8D474600EBF3B3 /* Frameworks */,
				CAB605062C5F068C007698B9 /* Products */,
			);
			sourceTree = "<group>";
		};
		CAB605062C5F068C007698B9 /* Products */ = {
			isa = PBXGroup;
			children = (
				CAB605052C5F068C007698B9 /* Recco.app */,
				CAB605152C5F068D007698B9 /* ReccoTests.xctest */,
				CAB6051F2C5F068D007698B9 /* ReccoUITests.xctest */,
			);
			name = Products;
			sourceTree = "<group>";
		};
		CAB605072C5F068C007698B9 /* Recco */ = {
			isa = PBXGroup;
			children = (
				C26D20192CC1BE6300B919A8 /* Errors */,
				CA876DE02C8D505600440DFF /* UIKit */,
				CA2F5EE02C7ECCED006EA304 /* Singleton */,
				CA2F5ED92C7D8DED006EA304 /* Navigation */,
				CAA43A452C72854300808375 /* ViewModels */,
				CAA43A312C71AB6800808375 /* Images */,
				CAA43A2B2C71890700808375 /* Models */,
				CAA43A1A2C7119CA00808375 /* Toasts */,
				CAB605612C6B21B9007698B9 /* Fonts */,
				CAB605692C6B255E007698B9 /* Info.plist */,
				CAB6055E2C6B1EE1007698B9 /* Supabase */,
				CAB605082C5F068C007698B9 /* ReccoApp.swift */,
				CAB605452C5F0D07007698B9 /* Views */,
				CAB6050C2C5F068D007698B9 /* Assets.xcassets */,
				CAB6050E2C5F068D007698B9 /* Preview Content */,
				CAA43A3B2C71ACBB00808375 /* Constants.swift */,
				CA2F5ECE2C7C30C6006EA304 /* Colors.swift */,
				CA2F5EE42C7ED112006EA304 /* MockData.swift */,
			);
			path = Recco;
			sourceTree = "<group>";
		};
		CAB6050E2C5F068D007698B9 /* Preview Content */ = {
			isa = PBXGroup;
			children = (
				CAB6050F2C5F068D007698B9 /* Preview Assets.xcassets */,
			);
			path = "Preview Content";
			sourceTree = "<group>";
		};
		CAB605182C5F068D007698B9 /* ReccoTests */ = {
			isa = PBXGroup;
			children = (
				CAB605192C5F068D007698B9 /* ReccoTests.swift */,
			);
			path = ReccoTests;
			sourceTree = "<group>";
		};
		CAB605222C5F068D007698B9 /* ReccoUITests */ = {
			isa = PBXGroup;
			children = (
				CAB605232C5F068D007698B9 /* ReccoUITests.swift */,
				CAB605252C5F068D007698B9 /* ReccoUITestsLaunchTests.swift */,
			);
			path = ReccoUITests;
			sourceTree = "<group>";
		};
		CAB605452C5F0D07007698B9 /* Views */ = {
			isa = PBXGroup;
			children = (
				CA3A78452D682D1C00A9D370 /* Keyboard */,
				CAF6C3D82D5459300001BC57 /* ViewControllers */,
				CA7DFAF32C84F76400B2239A /* Components */,
				CA7DFAF02C84F1EE00B2239A /* ListEdit */,
				CA7DFAED2C84DB7600B2239A /* Modifiers */,
				CAB605592C6B14E0007698B9 /* Auth */,
				CAB6050A2C5F068C007698B9 /* ContentView.swift */,
				CAB605462C5F0D1D007698B9 /* FeedView.swift */,
				CAB605482C5F0D2B007698B9 /* ProfileView.swift */,
				CAB6A8D22CD61CB700F8D0A1 /* ProfileSettingsView.swift */,
				CAC2BCBD2DB64B4100281670 /* AppView.swift */,
				CA4C4C642DD189CD001F773A /* EmojiPhysicsScene.swift */,
			);
			path = Views;
			sourceTree = "<group>";
		};
		CAB605592C6B14E0007698B9 /* Auth */ = {
			isa = PBXGroup;
			children = (
				CAB6055A2C6B153E007698B9 /* SplashScreenView.swift */,
				CAB6055C2C6B1BA9007698B9 /* AuthView.swift */,
				CAA43A212C712F8200808375 /* VerificationCodeView.swift */,
				CAA43A252C717C8A00808375 /* EnterNameView.swift */,
				CAA43A272C7182C900808375 /* EnterUsernameView.swift */,
				CAA43A292C71855800808375 /* ChooseProfilePictureView.swift */,
				CAA43A3D2C71AEEE00808375 /* SignUpOrLoginView.swift */,
			);
			path = Auth;
			sourceTree = "<group>";
		};
		CAB6055E2C6B1EE1007698B9 /* Supabase */ = {
			isa = PBXGroup;
			children = (
				CAB605572C6B139A007698B9 /* Supabase.swift */,
				CAB6055F2C6B1EF4007698B9 /* SupabaseAuthViewModel.swift */,
				CAA43A2E2C718C4500808375 /* SupabaseUserManager.swift */,
			);
			path = Supabase;
			sourceTree = "<group>";
		};
		CAB605612C6B21B9007698B9 /* Fonts */ = {
			isa = PBXGroup;
			children = (
				CA03E1202DC471490036084C /* SF-Pro-Display-Medium.otf */,
				CA03E11C2DC469390036084C /* SF-Pro-Display-Thin.otf */,
				CA03E11A2DC469350036084C /* SF-Pro-Display-Semibold.otf */,
				CA03E1182DC469310036084C /* SF-Pro-Display-Regular.otf */,
				CA03E1162DC4692A0036084C /* SF-Pro-Display-Light.otf */,
				CA03E1142DC469230036084C /* SF-Pro-Display-Bold.otf */,
				CA7DFAEB2C841C2E00B2239A /* SF-Pro-Rounded-Light.otf */,
				CAA43A422C71B32700808375 /* SF-Pro-Rounded-Semibold.otf */,
				CAA43A412C71B2A100808375 /* SF-Pro-Rounded-Bold.otf */,
				CAB605622C6B21C4007698B9 /* SF-Pro-Rounded-Regular.otf */,
				CAB605672C6B23B6007698B9 /* FontManager.swift */,
			);
			path = Fonts;
			sourceTree = "<group>";
		};
		CAF6C3D82D5459300001BC57 /* ViewControllers */ = {
			isa = PBXGroup;
			children = (
				CAF6C3D92D5459460001BC57 /* EditableTableViewController.swift */,
			);
			path = ViewControllers;
			sourceTree = "<group>";
		};
/* End PBXGroup section */

/* Begin PBXNativeTarget section */
		CAB605042C5F068C007698B9 /* Recco */ = {
			isa = PBXNativeTarget;
			buildConfigurationList = CAB605292C5F068D007698B9 /* Build configuration list for PBXNativeTarget "Recco" */;
			buildPhases = (
				CAB605012C5F068C007698B9 /* Sources */,
				CAB605022C5F068C007698B9 /* Frameworks */,
				CAB605032C5F068C007698B9 /* Resources */,
			);
			buildRules = (
			);
			dependencies = (
			);
			name = Recco;
			packageProductDependencies = (
				CAB6054B2C6B1160007698B9 /* Auth */,
				CAB6054D2C6B1160007698B9 /* Functions */,
				CAB6054F2C6B1160007698B9 /* PostgREST */,
				CAB605512C6B1160007698B9 /* Realtime */,
				CAB605532C6B1160007698B9 /* Storage */,
				CAB605552C6B1160007698B9 /* Supabase */,
				CAA43A332C71ABAE00808375 /* Kingfisher */,
				CA2F5ED72C7C3CC8006EA304 /* ElegantEmojiPicker */,
			);
			productName = Recco;
			productReference = CAB605052C5F068C007698B9 /* Recco.app */;
			productType = "com.apple.product-type.application";
		};
		CAB605142C5F068D007698B9 /* ReccoTests */ = {
			isa = PBXNativeTarget;
			buildConfigurationList = CAB6052C2C5F068D007698B9 /* Build configuration list for PBXNativeTarget "ReccoTests" */;
			buildPhases = (
				CAB605112C5F068D007698B9 /* Sources */,
				CAB605122C5F068D007698B9 /* Frameworks */,
				CAB605132C5F068D007698B9 /* Resources */,
			);
			buildRules = (
			);
			dependencies = (
				CAB605172C5F068D007698B9 /* PBXTargetDependency */,
			);
			name = ReccoTests;
			productName = ReccoTests;
			productReference = CAB605152C5F068D007698B9 /* ReccoTests.xctest */;
			productType = "com.apple.product-type.bundle.unit-test";
		};
		CAB6051E2C5F068D007698B9 /* ReccoUITests */ = {
			isa = PBXNativeTarget;
			buildConfigurationList = CAB6052F2C5F068D007698B9 /* Build configuration list for PBXNativeTarget "ReccoUITests" */;
			buildPhases = (
				CAB6051B2C5F068D007698B9 /* Sources */,
				CAB6051C2C5F068D007698B9 /* Frameworks */,
				CAB6051D2C5F068D007698B9 /* Resources */,
			);
			buildRules = (
			);
			dependencies = (
				CAB605212C5F068D007698B9 /* PBXTargetDependency */,
			);
			name = ReccoUITests;
			productName = ReccoUITests;
			productReference = CAB6051F2C5F068D007698B9 /* ReccoUITests.xctest */;
			productType = "com.apple.product-type.bundle.ui-testing";
		};
/* End PBXNativeTarget section */

/* Begin PBXProject section */
		CAB604FD2C5F068C007698B9 /* Project object */ = {
			isa = PBXProject;
			attributes = {
				BuildIndependentTargetsInParallel = 1;
				LastSwiftUpdateCheck = 1540;
				LastUpgradeCheck = 1600;
				TargetAttributes = {
					CAB605042C5F068C007698B9 = {
						CreatedOnToolsVersion = 15.4;
					};
					CAB605142C5F068D007698B9 = {
						CreatedOnToolsVersion = 15.4;
						TestTargetID = CAB605042C5F068C007698B9;
					};
					CAB6051E2C5F068D007698B9 = {
						CreatedOnToolsVersion = 15.4;
						TestTargetID = CAB605042C5F068C007698B9;
					};
				};
			};
			buildConfigurationList = CAB605002C5F068C007698B9 /* Build configuration list for PBXProject "Recco" */;
			compatibilityVersion = "Xcode 14.0";
			developmentRegion = en;
			hasScannedForEncodings = 0;
			knownRegions = (
				en,
				Base,
			);
			mainGroup = CAB604FC2C5F068C007698B9;
			packageReferences = (
				CAB6054A2C6B1160007698B9 /* XCRemoteSwiftPackageReference "supabase-swift" */,
				CAA43A322C71ABAE00808375 /* XCRemoteSwiftPackageReference "Kingfisher" */,
				CA2F5ED62C7C3CC8006EA304 /* XCRemoteSwiftPackageReference "Elegant-Emoji-Picker" */,
			);
			productRefGroup = CAB605062C5F068C007698B9 /* Products */;
			projectDirPath = "";
			projectRoot = "";
			targets = (
				CAB605042C5F068C007698B9 /* Recco */,
				CAB605142C5F068D007698B9 /* ReccoTests */,
				CAB6051E2C5F068D007698B9 /* ReccoUITests */,
			);
		};
/* End PBXProject section */

/* Begin PBXResourcesBuildPhase section */
		CAB605032C5F068C007698B9 /* Resources */ = {
			isa = PBXResourcesBuildPhase;
			buildActionMask = 2147483647;
			files = (
				CA03E1212DC471490036084C /* SF-Pro-Display-Medium.otf in Resources */,
				CAB605102C5F068D007698B9 /* Preview Assets.xcassets in Resources */,
				CA03E11D2DC469390036084C /* SF-Pro-Display-Thin.otf in Resources */,
				CA7DFAEC2C841C2E00B2239A /* SF-Pro-Rounded-Light.otf in Resources */,
				CA03E11B2DC469350036084C /* SF-Pro-Display-Semibold.otf in Resources */,
				CAB6050D2C5F068D007698B9 /* Assets.xcassets in Resources */,
				CAB605632C6B21C4007698B9 /* SF-Pro-Rounded-Regular.otf in Resources */,
				CA03E1152DC469230036084C /* SF-Pro-Display-Bold.otf in Resources */,
				CAA43A432C71B40B00808375 /* SF-Pro-Rounded-Semibold.otf in Resources */,
				CA03E1172DC4692A0036084C /* SF-Pro-Display-Light.otf in Resources */,
				CA03E1192DC469310036084C /* SF-Pro-Display-Regular.otf in Resources */,
				CAA43A442C71B43C00808375 /* SF-Pro-Rounded-Bold.otf in Resources */,
			);
			runOnlyForDeploymentPostprocessing = 0;
		};
		CAB605132C5F068D007698B9 /* Resources */ = {
			isa = PBXResourcesBuildPhase;
			buildActionMask = 2147483647;
			files = (
			);
			runOnlyForDeploymentPostprocessing = 0;
		};
		CAB6051D2C5F068D007698B9 /* Resources */ = {
			isa = PBXResourcesBuildPhase;
			buildActionMask = 2147483647;
			files = (
			);
			runOnlyForDeploymentPostprocessing = 0;
		};
/* End PBXResourcesBuildPhase section */

/* Begin PBXSourcesBuildPhase section */
		CAB605012C5F068C007698B9 /* Sources */ = {
			isa = PBXSourcesBuildPhase;
			buildActionMask = 2147483647;
			files = (
				CA3A78472D682D3200A9D370 /* KeyboardAccessoryView.swift in Sources */,
				CAA43A2A2C71855800808375 /* ChooseProfilePictureView.swift in Sources */,
				CA2F5EDF2C7ECB1F006EA304 /* List.swift in Sources */,
				CAA43A2F2C718C4500808375 /* SupabaseUserManager.swift in Sources */,
				CA2F5EE52C7ED112006EA304 /* MockData.swift in Sources */,
				CAC04C222DA8B16B002ED187 /* UpdateList.swift in Sources */,
				CA2F5ECD2C7C235B006EA304 /* ListViewModel.swift in Sources */,
				C26D201B2CC1BE6B00B919A8 /* AuthError.swift in Sources */,
				CAA43A362C71ABBF00808375 /* ImageLoader.swift in Sources */,
				CA2F5EDB2C7D8E00006EA304 /* HomeNavigation.swift in Sources */,
				CAB6055D2C6B1BA9007698B9 /* AuthView.swift in Sources */,
				CAB6055B2C6B153E007698B9 /* SplashScreenView.swift in Sources */,
				CA1A3CBA2CCF0FC70036E66C /* CreateList.swift in Sources */,
				CAB605582C6B139A007698B9 /* Supabase.swift in Sources */,
				CAA43A402C71B1E500808375 /* Text.swift in Sources */,
				CAA43A3C2C71ACBB00808375 /* Constants.swift in Sources */,
				CAC2BCBE2DB64B4100281670 /* AppView.swift in Sources */,
				CAB605602C6B1EF4007698B9 /* SupabaseAuthViewModel.swift in Sources */,
				C26D20182CC19D1200B919A8 /* ReccoBackgroundText.swift in Sources */,
				CA1A3CBE2CCF12EB0036E66C /* ListQuery.swift in Sources */,
				CAA43A202C711A2F00808375 /* ToastModifier.swift in Sources */,
				CA4C4C652DD189CD001F773A /* EmojiPhysicsScene.swift in Sources */,
				CAB605682C6B23B6007698B9 /* FontManager.swift in Sources */,
				CA4ADB882D81179100FFA62B /* SectionHeaderView.swift in Sources */,
				CA22577F2CCEC52E00D5D261 /* TagSelectionView.swift in Sources */,
				CAA43A492C7A62CB00808375 /* HomePageViewModel.swift in Sources */,
				CAB605492C5F0D2B007698B9 /* ProfileView.swift in Sources */,
				CAA43A262C717C8A00808375 /* EnterNameView.swift in Sources */,
				CAA43A1E2C711A0800808375 /* ToastView.swift in Sources */,
				CA7DFAEF2C84DB8300B2239A /* CenterHorizontally.swift in Sources */,
				CAB6050B2C5F068C007698B9 /* ContentView.swift in Sources */,
				CA22577B2CCEC1EA00D5D261 /* Tag.swift in Sources */,
				CA7DFAF52C84F76D00B2239A /* ElegantEmojiPickerView.swift in Sources */,
				CAF6C3D72D5458430001BC57 /* EditableTableViewCell.swift in Sources */,
				CAF6C3DA2D5459460001BC57 /* EditableTableViewController.swift in Sources */,
				CAD0CFDB2CDDD13D009C0FE8 /* ListEditView.swift in Sources */,
				CA4C4C632DD17F6C001F773A /* OnboardingNavigation.swift in Sources */,
				CAA43A1C2C7119DB00808375 /* Toast.swift in Sources */,
				CADEDDF92D97302900BC21F0 /* VisbiltySelectView.swift in Sources */,
				CAA43A282C7182C900808375 /* EnterUsernameView.swift in Sources */,
				CAA43A222C712F8200808375 /* VerificationCodeView.swift in Sources */,
				CAB6A8D32CD61CB700F8D0A1 /* ProfileSettingsView.swift in Sources */,
				CA2F5ECF2C7C30C6006EA304 /* Colors.swift in Sources */,
				CAA43A2D2C71891100808375 /* User.swift in Sources */,
				CAA43A3A2C71ABD400808375 /* Kingfisher.swift in Sources */,
				CAA43A242C71725800808375 /* AuthNavigation.swift in Sources */,
				CAB605472C5F0D1D007698B9 /* FeedView.swift in Sources */,
				CA22577D2CCEC23C00D5D261 /* TagSelectionViewModel.swift in Sources */,
				CAA43A3E2C71AEEE00808375 /* SignUpOrLoginView.swift in Sources */,
				CAA43A382C71ABC700808375 /* ImagePrefetcher.swift in Sources */,
				CA1A3CBC2CCF11890036E66C /* UserListsViewModel.swift in Sources */,
				CAA43A472C72854B00808375 /* UserDataViewModel.swift in Sources */,
				CADEDDFB2DA112B700BC21F0 /* ListViewModelSupabase.swift in Sources */,
				CAB605092C5F068C007698B9 /* ReccoApp.swift in Sources */,
			);
			runOnlyForDeploymentPostprocessing = 0;
		};
		CAB605112C5F068D007698B9 /* Sources */ = {
			isa = PBXSourcesBuildPhase;
			buildActionMask = 2147483647;
			files = (
				CAB6051A2C5F068D007698B9 /* ReccoTests.swift in Sources */,
			);
			runOnlyForDeploymentPostprocessing = 0;
		};
		CAB6051B2C5F068D007698B9 /* Sources */ = {
			isa = PBXSourcesBuildPhase;
			buildActionMask = 2147483647;
			files = (
				CAB605242C5F068D007698B9 /* ReccoUITests.swift in Sources */,
				CAB605262C5F068D007698B9 /* ReccoUITestsLaunchTests.swift in Sources */,
			);
			runOnlyForDeploymentPostprocessing = 0;
		};
/* End PBXSourcesBuildPhase section */

/* Begin PBXTargetDependency section */
		CAB605172C5F068D007698B9 /* PBXTargetDependency */ = {
			isa = PBXTargetDependency;
			target = CAB605042C5F068C007698B9 /* Recco */;
			targetProxy = CAB605162C5F068D007698B9 /* PBXContainerItemProxy */;
		};
		CAB605212C5F068D007698B9 /* PBXTargetDependency */ = {
			isa = PBXTargetDependency;
			target = CAB605042C5F068C007698B9 /* Recco */;
			targetProxy = CAB605202C5F068D007698B9 /* PBXContainerItemProxy */;
		};
/* End PBXTargetDependency section */

/* Begin XCBuildConfiguration section */
		CAB605272C5F068D007698B9 /* Debug */ = {
			isa = XCBuildConfiguration;
			buildSettings = {
				ALWAYS_SEARCH_USER_PATHS = NO;
				ASSETCATALOG_COMPILER_GENERATE_SWIFT_ASSET_SYMBOL_EXTENSIONS = YES;
				CLANG_ANALYZER_NONNULL = YES;
				CLANG_ANALYZER_NUMBER_OBJECT_CONVERSION = YES_AGGRESSIVE;
				CLANG_CXX_LANGUAGE_STANDARD = "gnu++20";
				CLANG_ENABLE_MODULES = YES;
				CLANG_ENABLE_OBJC_ARC = YES;
				CLANG_ENABLE_OBJC_WEAK = YES;
				CLANG_WARN_BLOCK_CAPTURE_AUTORELEASING = YES;
				CLANG_WARN_BOOL_CONVERSION = YES;
				CLANG_WARN_COMMA = YES;
				CLANG_WARN_CONSTANT_CONVERSION = YES;
				CLANG_WARN_DEPRECATED_OBJC_IMPLEMENTATIONS = YES;
				CLANG_WARN_DIRECT_OBJC_ISA_USAGE = YES_ERROR;
				CLANG_WARN_DOCUMENTATION_COMMENTS = YES;
				CLANG_WARN_EMPTY_BODY = YES;
				CLANG_WARN_ENUM_CONVERSION = YES;
				CLANG_WARN_INFINITE_RECURSION = YES;
				CLANG_WARN_INT_CONVERSION = YES;
				CLANG_WARN_NON_LITERAL_NULL_CONVERSION = YES;
				CLANG_WARN_OBJC_IMPLICIT_RETAIN_SELF = YES;
				CLANG_WARN_OBJC_LITERAL_CONVERSION = YES;
				CLANG_WARN_OBJC_ROOT_CLASS = YES_ERROR;
				CLANG_WARN_QUOTED_INCLUDE_IN_FRAMEWORK_HEADER = YES;
				CLANG_WARN_RANGE_LOOP_ANALYSIS = YES;
				CLANG_WARN_STRICT_PROTOTYPES = YES;
				CLANG_WARN_SUSPICIOUS_MOVE = YES;
				CLANG_WARN_UNGUARDED_AVAILABILITY = YES_AGGRESSIVE;
				CLANG_WARN_UNREACHABLE_CODE = YES;
				CLANG_WARN__DUPLICATE_METHOD_MATCH = YES;
				COPY_PHASE_STRIP = NO;
				DEBUG_INFORMATION_FORMAT = dwarf;
				ENABLE_STRICT_OBJC_MSGSEND = YES;
				ENABLE_TESTABILITY = YES;
				ENABLE_USER_SCRIPT_SANDBOXING = YES;
				GCC_C_LANGUAGE_STANDARD = gnu17;
				GCC_DYNAMIC_NO_PIC = NO;
				GCC_NO_COMMON_BLOCKS = YES;
				GCC_OPTIMIZATION_LEVEL = 0;
				GCC_PREPROCESSOR_DEFINITIONS = (
					"DEBUG=1",
					"$(inherited)",
				);
				GCC_WARN_64_TO_32_BIT_CONVERSION = YES;
				GCC_WARN_ABOUT_RETURN_TYPE = YES_ERROR;
				GCC_WARN_UNDECLARED_SELECTOR = YES;
				GCC_WARN_UNINITIALIZED_AUTOS = YES_AGGRESSIVE;
				GCC_WARN_UNUSED_FUNCTION = YES;
				GCC_WARN_UNUSED_VARIABLE = YES;
				IPHONEOS_DEPLOYMENT_TARGET = 16.0;
				LOCALIZATION_PREFERS_STRING_CATALOGS = YES;
				MTL_ENABLE_DEBUG_INFO = INCLUDE_SOURCE;
				MTL_FAST_MATH = YES;
				ONLY_ACTIVE_ARCH = YES;
				SDKROOT = iphoneos;
				SWIFT_ACTIVE_COMPILATION_CONDITIONS = "DEBUG $(inherited)";
				SWIFT_OPTIMIZATION_LEVEL = "-Onone";
			};
			name = Debug;
		};
		CAB605282C5F068D007698B9 /* Release */ = {
			isa = XCBuildConfiguration;
			buildSettings = {
				ALWAYS_SEARCH_USER_PATHS = NO;
				ASSETCATALOG_COMPILER_GENERATE_SWIFT_ASSET_SYMBOL_EXTENSIONS = YES;
				CLANG_ANALYZER_NONNULL = YES;
				CLANG_ANALYZER_NUMBER_OBJECT_CONVERSION = YES_AGGRESSIVE;
				CLANG_CXX_LANGUAGE_STANDARD = "gnu++20";
				CLANG_ENABLE_MODULES = YES;
				CLANG_ENABLE_OBJC_ARC = YES;
				CLANG_ENABLE_OBJC_WEAK = YES;
				CLANG_WARN_BLOCK_CAPTURE_AUTORELEASING = YES;
				CLANG_WARN_BOOL_CONVERSION = YES;
				CLANG_WARN_COMMA = YES;
				CLANG_WARN_CONSTANT_CONVERSION = YES;
				CLANG_WARN_DEPRECATED_OBJC_IMPLEMENTATIONS = YES;
				CLANG_WARN_DIRECT_OBJC_ISA_USAGE = YES_ERROR;
				CLANG_WARN_DOCUMENTATION_COMMENTS = YES;
				CLANG_WARN_EMPTY_BODY = YES;
				CLANG_WARN_ENUM_CONVERSION = YES;
				CLANG_WARN_INFINITE_RECURSION = YES;
				CLANG_WARN_INT_CONVERSION = YES;
				CLANG_WARN_NON_LITERAL_NULL_CONVERSION = YES;
				CLANG_WARN_OBJC_IMPLICIT_RETAIN_SELF = YES;
				CLANG_WARN_OBJC_LITERAL_CONVERSION = YES;
				CLANG_WARN_OBJC_ROOT_CLASS = YES_ERROR;
				CLANG_WARN_QUOTED_INCLUDE_IN_FRAMEWORK_HEADER = YES;
				CLANG_WARN_RANGE_LOOP_ANALYSIS = YES;
				CLANG_WARN_STRICT_PROTOTYPES = YES;
				CLANG_WARN_SUSPICIOUS_MOVE = YES;
				CLANG_WARN_UNGUARDED_AVAILABILITY = YES_AGGRESSIVE;
				CLANG_WARN_UNREACHABLE_CODE = YES;
				CLANG_WARN__DUPLICATE_METHOD_MATCH = YES;
				COPY_PHASE_STRIP = NO;
				DEBUG_INFORMATION_FORMAT = "dwarf-with-dsym";
				ENABLE_NS_ASSERTIONS = NO;
				ENABLE_STRICT_OBJC_MSGSEND = YES;
				ENABLE_USER_SCRIPT_SANDBOXING = YES;
				GCC_C_LANGUAGE_STANDARD = gnu17;
				GCC_NO_COMMON_BLOCKS = YES;
				GCC_WARN_64_TO_32_BIT_CONVERSION = YES;
				GCC_WARN_ABOUT_RETURN_TYPE = YES_ERROR;
				GCC_WARN_UNDECLARED_SELECTOR = YES;
				GCC_WARN_UNINITIALIZED_AUTOS = YES_AGGRESSIVE;
				GCC_WARN_UNUSED_FUNCTION = YES;
				GCC_WARN_UNUSED_VARIABLE = YES;
				IPHONEOS_DEPLOYMENT_TARGET = 16.0;
				LOCALIZATION_PREFERS_STRING_CATALOGS = YES;
				MTL_ENABLE_DEBUG_INFO = NO;
				MTL_FAST_MATH = YES;
				SDKROOT = iphoneos;
				SWIFT_COMPILATION_MODE = wholemodule;
				VALIDATE_PRODUCT = YES;
			};
			name = Release;
		};
		CAB6052A2C5F068D007698B9 /* Debug */ = {
			isa = XCBuildConfiguration;
			buildSettings = {
				ASSETCATALOG_COMPILER_APPICON_NAME = AppIcon;
				ASSETCATALOG_COMPILER_GLOBAL_ACCENT_COLOR_NAME = AccentColor;
				ASSETCATALOG_COMPILER_INCLUDE_ALL_APPICON_ASSETS = NO;
				CODE_SIGN_IDENTITY = "Apple Development";
				CODE_SIGN_STYLE = Automatic;
				CURRENT_PROJECT_VERSION = 1;
				DEVELOPMENT_ASSET_PATHS = "\"Recco/Preview Content\"";
				DEVELOPMENT_TEAM = 2W23MX6QB5;
				ENABLE_PREVIEWS = YES;
				GENERATE_INFOPLIST_FILE = YES;
				INFOPLIST_FILE = Recco/Info.plist;
				INFOPLIST_KEY_CFBundleDisplayName = "recco!";
				INFOPLIST_KEY_LSApplicationCategoryType = "public.app-category.social-networking";
				INFOPLIST_KEY_UIApplicationSceneManifest_Generation = YES;
				INFOPLIST_KEY_UIApplicationSupportsIndirectInputEvents = YES;
				INFOPLIST_KEY_UILaunchScreen_Generation = YES;
				INFOPLIST_KEY_UISupportedInterfaceOrientations_iPad = "UIInterfaceOrientationPortrait UIInterfaceOrientationPortraitUpsideDown UIInterfaceOrientationLandscapeLeft UIInterfaceOrientationLandscapeRight";
				INFOPLIST_KEY_UISupportedInterfaceOrientations_iPhone = "UIInterfaceOrientationPortrait UIInterfaceOrientationLandscapeLeft UIInterfaceOrientationLandscapeRight";
				IPHONEOS_DEPLOYMENT_TARGET = 16.0;
				LD_RUNPATH_SEARCH_PATHS = (
					"$(inherited)",
					"@executable_path/Frameworks",
				);
				MARKETING_VERSION = 1.0;
				PRODUCT_BUNDLE_IDENTIFIER = reccoapp.recco;
				PRODUCT_NAME = "$(TARGET_NAME)";
				PROVISIONING_PROFILE_SPECIFIER = "";
				SWIFT_EMIT_LOC_STRINGS = YES;
				SWIFT_VERSION = 5.0;
				TARGETED_DEVICE_FAMILY = "1,2";
			};
			name = Debug;
		};
		CAB6052B2C5F068D007698B9 /* Release */ = {
			isa = XCBuildConfiguration;
			buildSettings = {
				ASSETCATALOG_COMPILER_APPICON_NAME = AppIcon;
				ASSETCATALOG_COMPILER_GLOBAL_ACCENT_COLOR_NAME = AccentColor;
				ASSETCATALOG_COMPILER_INCLUDE_ALL_APPICON_ASSETS = NO;
				CODE_SIGN_IDENTITY = "Apple Development";
				CODE_SIGN_STYLE = Automatic;
				CURRENT_PROJECT_VERSION = 1;
				DEVELOPMENT_ASSET_PATHS = "\"Recco/Preview Content\"";
				DEVELOPMENT_TEAM = 2W23MX6QB5;
				ENABLE_PREVIEWS = YES;
				GENERATE_INFOPLIST_FILE = YES;
				INFOPLIST_FILE = Recco/Info.plist;
				INFOPLIST_KEY_CFBundleDisplayName = "recco!";
				INFOPLIST_KEY_LSApplicationCategoryType = "public.app-category.social-networking";
				INFOPLIST_KEY_UIApplicationSceneManifest_Generation = YES;
				INFOPLIST_KEY_UIApplicationSupportsIndirectInputEvents = YES;
				INFOPLIST_KEY_UILaunchScreen_Generation = YES;
				INFOPLIST_KEY_UISupportedInterfaceOrientations_iPad = "UIInterfaceOrientationPortrait UIInterfaceOrientationPortraitUpsideDown UIInterfaceOrientationLandscapeLeft UIInterfaceOrientationLandscapeRight";
				INFOPLIST_KEY_UISupportedInterfaceOrientations_iPhone = "UIInterfaceOrientationPortrait UIInterfaceOrientationLandscapeLeft UIInterfaceOrientationLandscapeRight";
				IPHONEOS_DEPLOYMENT_TARGET = 16.0;
				LD_RUNPATH_SEARCH_PATHS = (
					"$(inherited)",
					"@executable_path/Frameworks",
				);
				MARKETING_VERSION = 1.0;
				PRODUCT_BUNDLE_IDENTIFIER = reccoapp.recco;
				PRODUCT_NAME = "$(TARGET_NAME)";
				PROVISIONING_PROFILE_SPECIFIER = "";
				SWIFT_EMIT_LOC_STRINGS = YES;
				SWIFT_VERSION = 5.0;
				TARGETED_DEVICE_FAMILY = "1,2";
			};
			name = Release;
		};
		CAB6052D2C5F068D007698B9 /* Debug */ = {
			isa = XCBuildConfiguration;
			buildSettings = {
				BUNDLE_LOADER = "$(TEST_HOST)";
				CODE_SIGN_STYLE = Automatic;
				CURRENT_PROJECT_VERSION = 1;
				DEVELOPMENT_TEAM = BK7MB9J3TD;
				GENERATE_INFOPLIST_FILE = YES;
				IPHONEOS_DEPLOYMENT_TARGET = 17.5;
				MARKETING_VERSION = 1.0;
				PRODUCT_BUNDLE_IDENTIFIER = ReccoApp.ReccoTests;
				PRODUCT_NAME = "$(TARGET_NAME)";
				SWIFT_EMIT_LOC_STRINGS = NO;
				SWIFT_VERSION = 5.0;
				TARGETED_DEVICE_FAMILY = "1,2";
				TEST_HOST = "$(BUILT_PRODUCTS_DIR)/Recco.app/$(BUNDLE_EXECUTABLE_FOLDER_PATH)/Recco";
			};
			name = Debug;
		};
		CAB6052E2C5F068D007698B9 /* Release */ = {
			isa = XCBuildConfiguration;
			buildSettings = {
				BUNDLE_LOADER = "$(TEST_HOST)";
				CODE_SIGN_STYLE = Automatic;
				CURRENT_PROJECT_VERSION = 1;
				DEVELOPMENT_TEAM = BK7MB9J3TD;
				GENERATE_INFOPLIST_FILE = YES;
				IPHONEOS_DEPLOYMENT_TARGET = 17.5;
				MARKETING_VERSION = 1.0;
				PRODUCT_BUNDLE_IDENTIFIER = ReccoApp.ReccoTests;
				PRODUCT_NAME = "$(TARGET_NAME)";
				SWIFT_EMIT_LOC_STRINGS = NO;
				SWIFT_VERSION = 5.0;
				TARGETED_DEVICE_FAMILY = "1,2";
				TEST_HOST = "$(BUILT_PRODUCTS_DIR)/Recco.app/$(BUNDLE_EXECUTABLE_FOLDER_PATH)/Recco";
			};
			name = Release;
		};
		CAB605302C5F068D007698B9 /* Debug */ = {
			isa = XCBuildConfiguration;
			buildSettings = {
				CODE_SIGN_STYLE = Automatic;
				CURRENT_PROJECT_VERSION = 1;
				DEVELOPMENT_TEAM = BK7MB9J3TD;
				GENERATE_INFOPLIST_FILE = YES;
				MARKETING_VERSION = 1.0;
				PRODUCT_BUNDLE_IDENTIFIER = ReccoApp.ReccoUITests;
				PRODUCT_NAME = "$(TARGET_NAME)";
				SWIFT_EMIT_LOC_STRINGS = NO;
				SWIFT_VERSION = 5.0;
				TARGETED_DEVICE_FAMILY = "1,2";
				TEST_TARGET_NAME = Recco;
			};
			name = Debug;
		};
		CAB605312C5F068D007698B9 /* Release */ = {
			isa = XCBuildConfiguration;
			buildSettings = {
				CODE_SIGN_STYLE = Automatic;
				CURRENT_PROJECT_VERSION = 1;
				DEVELOPMENT_TEAM = BK7MB9J3TD;
				GENERATE_INFOPLIST_FILE = YES;
				MARKETING_VERSION = 1.0;
				PRODUCT_BUNDLE_IDENTIFIER = ReccoApp.ReccoUITests;
				PRODUCT_NAME = "$(TARGET_NAME)";
				SWIFT_EMIT_LOC_STRINGS = NO;
				SWIFT_VERSION = 5.0;
				TARGETED_DEVICE_FAMILY = "1,2";
				TEST_TARGET_NAME = Recco;
			};
			name = Release;
		};
/* End XCBuildConfiguration section */

/* Begin XCConfigurationList section */
		CAB605002C5F068C007698B9 /* Build configuration list for PBXProject "Recco" */ = {
			isa = XCConfigurationList;
			buildConfigurations = (
				CAB605272C5F068D007698B9 /* Debug */,
				CAB605282C5F068D007698B9 /* Release */,
			);
			defaultConfigurationIsVisible = 0;
			defaultConfigurationName = Release;
		};
		CAB605292C5F068D007698B9 /* Build configuration list for PBXNativeTarget "Recco" */ = {
			isa = XCConfigurationList;
			buildConfigurations = (
				CAB6052A2C5F068D007698B9 /* Debug */,
				CAB6052B2C5F068D007698B9 /* Release */,
			);
			defaultConfigurationIsVisible = 0;
			defaultConfigurationName = Release;
		};
		CAB6052C2C5F068D007698B9 /* Build configuration list for PBXNativeTarget "ReccoTests" */ = {
			isa = XCConfigurationList;
			buildConfigurations = (
				CAB6052D2C5F068D007698B9 /* Debug */,
				CAB6052E2C5F068D007698B9 /* Release */,
			);
			defaultConfigurationIsVisible = 0;
			defaultConfigurationName = Release;
		};
		CAB6052F2C5F068D007698B9 /* Build configuration list for PBXNativeTarget "ReccoUITests" */ = {
			isa = XCConfigurationList;
			buildConfigurations = (
				CAB605302C5F068D007698B9 /* Debug */,
				CAB605312C5F068D007698B9 /* Release */,
			);
			defaultConfigurationIsVisible = 0;
			defaultConfigurationName = Release;
		};
/* End XCConfigurationList section */

/* Begin XCRemoteSwiftPackageReference section */
		CA2F5ED62C7C3CC8006EA304 /* XCRemoteSwiftPackageReference "Elegant-Emoji-Picker" */ = {
			isa = XCRemoteSwiftPackageReference;
			repositoryURL = "https://github.com/Finalet/Elegant-Emoji-Picker";
			requirement = {
				branch = main;
				kind = branch;
			};
		};
		CAA43A322C71ABAE00808375 /* XCRemoteSwiftPackageReference "Kingfisher" */ = {
			isa = XCRemoteSwiftPackageReference;
			repositoryURL = "https://github.com/onevcat/Kingfisher";
			requirement = {
				kind = upToNextMajorVersion;
				minimumVersion = 7.12.0;
			};
		};
		CAB6054A2C6B1160007698B9 /* XCRemoteSwiftPackageReference "supabase-swift" */ = {
			isa = XCRemoteSwiftPackageReference;
			repositoryURL = "https://github.com/supabase-community/supabase-swift.git";
			requirement = {
				kind = upToNextMajorVersion;
				minimumVersion = 2.5.1;
			};
		};
/* End XCRemoteSwiftPackageReference section */

/* Begin XCSwiftPackageProductDependency section */
		CA2F5ED72C7C3CC8006EA304 /* ElegantEmojiPicker */ = {
			isa = XCSwiftPackageProductDependency;
			package = CA2F5ED62C7C3CC8006EA304 /* XCRemoteSwiftPackageReference "Elegant-Emoji-Picker" */;
			productName = ElegantEmojiPicker;
		};
		CAA43A332C71ABAE00808375 /* Kingfisher */ = {
			isa = XCSwiftPackageProductDependency;
			package = CAA43A322C71ABAE00808375 /* XCRemoteSwiftPackageReference "Kingfisher" */;
			productName = Kingfisher;
		};
		CAB6054B2C6B1160007698B9 /* Auth */ = {
			isa = XCSwiftPackageProductDependency;
			package = CAB6054A2C6B1160007698B9 /* XCRemoteSwiftPackageReference "supabase-swift" */;
			productName = Auth;
		};
		CAB6054D2C6B1160007698B9 /* Functions */ = {
			isa = XCSwiftPackageProductDependency;
			package = CAB6054A2C6B1160007698B9 /* XCRemoteSwiftPackageReference "supabase-swift" */;
			productName = Functions;
		};
		CAB6054F2C6B1160007698B9 /* PostgREST */ = {
			isa = XCSwiftPackageProductDependency;
			package = CAB6054A2C6B1160007698B9 /* XCRemoteSwiftPackageReference "supabase-swift" */;
			productName = PostgREST;
		};
		CAB605512C6B1160007698B9 /* Realtime */ = {
			isa = XCSwiftPackageProductDependency;
			package = CAB6054A2C6B1160007698B9 /* XCRemoteSwiftPackageReference "supabase-swift" */;
			productName = Realtime;
		};
		CAB605532C6B1160007698B9 /* Storage */ = {
			isa = XCSwiftPackageProductDependency;
			package = CAB6054A2C6B1160007698B9 /* XCRemoteSwiftPackageReference "supabase-swift" */;
			productName = Storage;
		};
		CAB605552C6B1160007698B9 /* Supabase */ = {
			isa = XCSwiftPackageProductDependency;
			package = CAB6054A2C6B1160007698B9 /* XCRemoteSwiftPackageReference "supabase-swift" */;
			productName = Supabase;
		};
/* End XCSwiftPackageProductDependency section */
	};
	rootObject = CAB604FD2C5F068C007698B9 /* Project object */;
}
